
Microsoft Visual Studio Solution File, Format Version 12.00
# Visual Studio Version 17
VisualStudioVersion = 17.10.35013.160
MinimumVisualStudioVersion = 10.0.40219.1
Project("{9A19103F-16F7-4668-BE54-9A1E7A4F7556}") = "websiteDulich", "websiteDulich\websiteDulich.csproj", "{2E005AA1-C03A-46CF-BFCF-DC940C5BD21A}"
EndProject
Project("{9A19103F-16F7-4668-BE54-9A1E7A4F7556}") = "DuLich.API", "Admin\DuLich.API.csproj", "{CC9C12C9-5B43-4822-85F1-52877E7A2189}"
EndProject
Project("{FAE04EC0-301F-11D3-BF4B-00C04F79EFBC}") = "Dulich.Domain", "Domain\Dulich.Domain.csproj", "{FEAF236C-B6E7-4792-8640-48A756EC7916}"
EndProject
Project("{FAE04EC0-301F-11D3-BF4B-00C04F79EFBC}") = "DuLich.Infrastructure", "DuLich.Infrastructure\DuLich.Infrastructure.csproj", "{99A389E4-8428-4227-881D-9FB4B34518F8}"
EndProject
Global
	GlobalSection(SolutionConfigurationPlatforms) = preSolution
		Debug|Any CPU = Debug|Any CPU
		Release|Any CPU = Release|Any CPU
	EndGlobalSection
	GlobalSection(ProjectConfigurationPlatforms) = postSolution
		{2E005AA1-C03A-46CF-BFCF-DC940C5BD21A}.Debug|Any CPU.ActiveCfg = Debug|Any CPU
		{2E005AA1-C03A-46CF-BFCF-DC940C5BD21A}.Release|Any CPU.ActiveCfg = Release|Any CPU
		{2E005AA1-C03A-46CF-BFCF-DC940C5BD21A}.Release|Any CPU.Build.0 = Release|Any CPU
		{CC9C12C9-5B43-4822-85F1-52877E7A2189}.Debug|Any CPU.ActiveCfg = Debug|Any CPU
		{CC9C12C9-5B43-4822-85F1-52877E7A2189}.Debug|Any CPU.Build.0 = Debug|Any CPU
		{CC9C12C9-5B43-4822-85F1-52877E7A2189}.Release|Any CPU.ActiveCfg = Release|Any CPU
		{CC9C12C9-5B43-4822-85F1-52877E7A2189}.Release|Any CPU.Build.0 = Release|Any CPU
		{FEAF236C-B6E7-4792-8640-48A756EC7916}.Debug|Any CPU.ActiveCfg = Debug|Any CPU
		{FEAF236C-B6E7-4792-8640-48A756EC7916}.Debug|Any CPU.Build.0 = Debug|Any CPU
		{FEAF236C-B6E7-4792-8640-48A756EC7916}.Release|Any CPU.ActiveCfg = Release|Any CPU
		{FEAF236C-B6E7-4792-8640-48A756EC7916}.Release|Any CPU.Build.0 = Release|Any CPU
		{99A389E4-8428-4227-881D-9FB4B34518F8}.Debug|Any CPU.ActiveCfg = Debug|Any CPU
		{99A389E4-8428-4227-881D-9FB4B34518F8}.Debug|Any CPU.Build.0 = Debug|Any CPU
		{99A389E4-8428-4227-881D-9FB4B34518F8}.Release|Any CPU.ActiveCfg = Release|Any CPU
		{99A389E4-8428-4227-881D-9FB4B34518F8}.Release|Any CPU.Build.0 = Release|Any CPU
	EndGlobalSection
	GlobalSection(SolutionProperties) = preSolution
		HideSolutionNode = FALSE
	EndGlobalSection
	GlobalSection(ExtensibilityGlobals) = postSolution
		SolutionGuid = {4B8EFD6B-D5E0-41C4-A276-5F73B12D6555}
	EndGlobalSection
EndGlobal
